# Generated by pub
# See https://dart.dev/tools/pub/glossary#lockfile
packages:
  logging:
    dependency: transitive
    description:
      name: logging
      url: "https://pub.dartlang.org"
    source: hosted
    version: "0.11.4"
  socket_io_client:
    dependency: "direct main"
    description:
      name: socket_io_client
      url: "https://pub.dartlang.org"
    source: hosted
    version: "0.9.7+2"
  socket_io_common:
    dependency: transitive
    description:
      name: socket_io_common
      url: "https://pub.dartlang.org"
    source: hosted
    version: "0.9.1"
sdks:
  dart: ">=2.2.0 <3.0.0"
